# THIS IS AN AUTOGENERATED FILE. DO NOT EDIT THIS FILE DIRECTLY.
# yarn lockfile v1


"@client-side-validations/client-side-validations@^0.1.5":
  version "0.1.5"
  resolved "https://registry.yarnpkg.com/@client-side-validations/client-side-validations/-/client-side-validations-0.1.5.tgz#64862187f640c07361cb1bbe3e501018543c335b"
  integrity sha512-DSi69S1BlU3KE+DxiehDDqqeOH561+BJhEMkl7vbu2DgR3XynaWm/Wg1DdyP+CMUOm1UfbAHGCeiIr2dhMnPfA==
