# THIS IS AN AUTOGENERATED FILE. DO NOT EDIT THIS FILE DIRECTLY.
# yarn lockfile v1


"@client-side-validations/client-side-validations@^0.1.5":
  version "0.1.5"
  resolved "https://registry.npmjs.org/@client-side-validations/client-side-validations/-/client-side-validations-0.1.5.tgz"
  integrity sha512-DSi69S1BlU3KE+DxiehDDqqeOH561+BJhEMkl7vbu2DgR3XynaWm/Wg1DdyP+CMUOm1UfbAHGCeiIr2dhMnPfA==

bignumber.js@*:
  version "9.1.1"
  resolved "https://registry.npmjs.org/bignumber.js/-/bignumber.js-9.1.1.tgz"
  integrity sha512-pHm4LsMJ6lzgNGVfZHjMoO8sdoRhOzOH4MLmY65Jg70bpxCKu5iOHNJyfF6OyvYw7t8Fpf35RuzUyqnQsj8Vig==

i18n-js@^4.2.3:
  version "4.2.3"
  resolved "https://registry.npmjs.org/i18n-js/-/i18n-js-4.2.3.tgz"
  integrity sha512-UPt7tQTLsMNX2ylYmcfkromOlU4Azo0ueMJ6DG1n1Dv2bfp/szDeB7i/0Ie/Luzx24P00Fz4vsKuMluoLGdYjw==
  dependencies:
    bignumber.js "*"
    lodash "*"
    make-plural "*"

"jquery@>= 1.12.4 < 4.0.0":
  version "3.6.4"
  resolved "https://registry.npmjs.org/jquery/-/jquery-3.6.4.tgz"
  integrity sha512-v28EW9DWDFpzcD9O5iyJXg3R3+q+mET5JhnjJzQUZMHOv67bpSIHq81GEYpPNZHG+XXHsfSme3nxp/hndKEcsQ==

lodash@*:
  version "4.17.21"
  resolved "https://registry.npmjs.org/lodash/-/lodash-4.17.21.tgz"
  integrity sha512-v2kDEe57lecTulaDIuNTPy3Ry4gLGJ6Z1O3vE1krgXZNrsQ+LFTGHVxVjcXPs17LhbZVGedAJv8XZ1tvj5FvSg==

make-plural@*:
  version "7.2.0"
  resolved "https://registry.npmjs.org/make-plural/-/make-plural-7.2.0.tgz"
  integrity sha512-WkdI+iaWaBCFM2wUXwos8Z7spg5Dt64Xe/VI6NpRaly21cDtD76N6S97K//UtzV0dHOiXX+E90TnszdXHG0aMg==
